
Microsoft Visual Studio Solution File, Format Version 12.00
# Visual Studio 15
Project("{FAE04EC0-301F-11D3-BF4B-00C04F79EFBC}") = "SDNLib", "SDNLib\SDNLib.csproj", "{3E40BAA7-AE30-4D81-BFE2-89A90C38CF8E}"
EndProject
Project("{FAE04EC0-301F-11D3-BF4B-00C04F79EFBC}") = "Precompiler", "Precompiler\Precompiler.csproj", "{82334B72-83F5-4ECE-A807-A9DC2E8F464D}"
EndProject
Global
	GlobalSection(SolutionConfigurationPlatforms) = preSolution
		Debug|Any CPU = Debug|Any CPU
		Release|Any CPU = Release|Any CPU
	EndGlobalSection
	GlobalSection(ProjectConfigurationPlatforms) = postSolution
		{3E40BAA7-AE30-4D81-BFE2-89A90C38CF8E}.Debug|Any CPU.ActiveCfg = Debug|Any CPU
		{3E40BAA7-AE30-4D81-BFE2-89A90C38CF8E}.Debug|Any CPU.Build.0 = Debug|Any CPU
		{3E40BAA7-AE30-4D81-BFE2-89A90C38CF8E}.Release|Any CPU.ActiveCfg = Release|Any CPU
		{3E40BAA7-AE30-4D81-BFE2-89A90C38CF8E}.Release|Any CPU.Build.0 = Release|Any CPU
		{82334B72-83F5-4ECE-A807-A9DC2E8F464D}.Debug|Any CPU.ActiveCfg = Debug|Any CPU
		{82334B72-83F5-4ECE-A807-A9DC2E8F464D}.Debug|Any CPU.Build.0 = Debug|Any CPU
		{82334B72-83F5-4ECE-A807-A9DC2E8F464D}.Release|Any CPU.ActiveCfg = Release|Any CPU
		{82334B72-83F5-4ECE-A807-A9DC2E8F464D}.Release|Any CPU.Build.0 = Release|Any CPU
	EndGlobalSection
EndGlobal
